<?xml version="1.0" encoding="utf-8"?>
<Project ToolsVersion="4.0" xmlns="http://schemas.microsoft.com/developer/msbuild/2003">
  <ItemGroup>
    <Filter Include="Client">
      <UniqueIdentifier>{fa88f9c5-58bd-4333-9c35-e112e165cc72}</UniqueIdentifier>
    </Filter>
    <Filter Include="Graphics">
      <UniqueIdentifier>{08eb8765-a1f5-4c62-aa8f-22cbef8cd3a3}</UniqueIdentifier>
    </Filter>
    <Filter Include="Util">
      <UniqueIdentifier>{ba83b0ae-a43d-4550-9ea7-b7c2339cad0e}</UniqueIdentifier>
    </Filter>
    <Filter Include="Manager">
      <UniqueIdentifier>{3a190cdc-1fc2-4b50-9a7e-9dc591e807aa}</UniqueIdentifier>
    </Filter>
    <Filter Include="Resource">
      <UniqueIdentifier>{67DA6AB6-F800-4c08-8B7A-83BB121AAD01}</UniqueIdentifier>
      <Extensions>rc;ico;cur;bmp;dlg;rc2;rct;bin;rgs;gif;jpg;jpeg;jpe;resx;tiff;tif;png;wav;mfcribbon-ms</Extensions>
    </Filter>
  </ItemGroup>
  <ItemGroup>
    <ClInclude Include="Resource.h">
      <Filter>Resource</Filter>
    </ClInclude>
    <ClInclude Include="HmRenderer.h">
      <Filter>Client</Filter>
    </ClInclude>
    <ClInclude Include="Application.h">
      <Filter>Client</Filter>
    </ClInclude>
    <ClInclude Include="GraphicsCore.h">
      <Filter>Graphics</Filter>
    </ClInclude>
    <ClInclude Include="SimpleMath.h">
      <Filter>Util</Filter>
    </ClInclude>
    <ClInclude Include="Common.h">
      <Filter>Util</Filter>
    </ClInclude>
    <ClInclude Include="TimeManager.h">
      <Filter>Manager</Filter>
    </ClInclude>
    <ClInclude Include="Graphics.h">
      <Filter>Manager</Filter>
    </ClInclude>
    <ClInclude Include="Renderer.h">
      <Filter>Graphics</Filter>
    </ClInclude>
  </ItemGroup>
  <ItemGroup>
    <ResourceCompile Include="HmRenderer.rc">
      <Filter>Resource</Filter>
    </ResourceCompile>
  </ItemGroup>
  <ItemGroup>
    <Image Include="small.ico">
      <Filter>Resource</Filter>
    </Image>
    <Image Include="HmRenderer.ico">
      <Filter>Resource</Filter>
    </Image>
  </ItemGroup>
  <ItemGroup>
    <ClCompile Include="HmRenderer.cpp">
      <Filter>Client</Filter>
    </ClCompile>
    <ClCompile Include="Application.cpp">
      <Filter>Client</Filter>
    </ClCompile>
    <ClCompile Include="GraphicsCore.cpp">
      <Filter>Graphics</Filter>
    </ClCompile>
    <ClCompile Include="SimpleMath.cpp">
      <Filter>Util</Filter>
    </ClCompile>
    <ClCompile Include="TimeManager.cpp">
      <Filter>Manager</Filter>
    </ClCompile>
    <ClCompile Include="Graphics.cpp">
      <Filter>Manager</Filter>
    </ClCompile>
    <ClCompile Include="Renderer.cpp">
      <Filter>Graphics</Filter>
    </ClCompile>
  </ItemGroup>
  <ItemGroup>
    <None Include="SimpleMath.inl">
      <Filter>Util</Filter>
    </None>
  </ItemGroup>
</Project>